	<Project xmlns="http://schemas.microsoft.com/developer/msbuild/2003">
		<PropertyGroup>
			<ProjectGuid>{232ABADE-E701-4362-AF50-CADA86355403}</ProjectGuid>
			<MainSource>SGC.dpk</MainSource>
			<Base>True</Base>
			<Config Condition="'$(Config)'==''">Release</Config>
			<Platform>Win32</Platform>
			<AppType>Package</AppType>
			<FrameworkType>None</FrameworkType>
			<DCC_DCCCompiler>DCC32</DCC_DCCCompiler>
			<ProjectVersion>12.2</ProjectVersion>
		</PropertyGroup>
		<PropertyGroup Condition="'$(Config)'=='Base' or '$(Base)'!=''">
			<Base>true</Base>
		</PropertyGroup>
		<PropertyGroup Condition="'$(Config)'=='Release' or '$(Cfg_1)'!=''">
			<Cfg_1>true</Cfg_1>
			<CfgParent>Base</CfgParent>
			<Base>true</Base>
		</PropertyGroup>
		<PropertyGroup Condition="'$(Config)'=='Debug' or '$(Cfg_2)'!=''">
			<Cfg_2>true</Cfg_2>
			<CfgParent>Base</CfgParent>
			<Base>true</Base>
		</PropertyGroup>
		<PropertyGroup Condition="'$(Base)'!=''">
			<DCC_UnitSearchPath>..\Dcp;..\Dcu;$(DCC_UnitSearchPath)</DCC_UnitSearchPath>
			<DCC_DcpOutput>..\Dcp</DCC_DcpOutput>
			<DCC_DcuOutput>..\Dcu</DCC_DcuOutput>
			<DCC_UsePackage>vcl;rtl;vclx;indy;inet;xmlrtl;vclie;inetdbbde;inetdbxpress;dbrtl;dsnap;dsnapcon;vcldb;soaprtl;VclSmp;dbexpress;dbxcds;inetdb;bdertl;vcldbx;webdsnap;websnap;adortl;ibxpress;teeui;teedb;tee;dss;visualclx;visualdbclx;vclactnband;vclshlctrls;IntrawebDB_50_70;Intraweb_50_70;dclOfficeXP;qrpt;Rave50CLX;Rave50VCL;RLibWinD7vcl;RLBoletoD7;Dacon;Gia;PCN2;synapse;ACBrCapicom;ACBr_Diversos;ACBr_OpenSSL;ACBr_Serial;ACBr_NFe;ACBr_DFeComum;ACBr_CTe</DCC_UsePackage>
			<GenPackage>true</GenPackage>
			<DCC_E>false</DCC_E>
			<DCC_BplOutput>$(LOCAL_SISTEMA)\BlueField\Bin</DCC_BplOutput>
			<DCC_UnitAlias>WinTypes=Windows;WinProcs=Windows;DbiTypes=BDE;DbiProcs=BDE;DbiErrs=BDE;WinTypes=Windows;WinProcs=Windows;$(DCC_UnitAlias)</DCC_UnitAlias>
			<DCC_ImageBase>00400000</DCC_ImageBase>
			<DCC_S>false</DCC_S>
			<GenDll>true</GenDll>
			<DCC_F>false</DCC_F>
			<DCC_K>false</DCC_K>
			<DCC_N>true</DCC_N>
		</PropertyGroup>
		<PropertyGroup Condition="'$(Cfg_1)'!=''">
			<DCC_LocalDebugSymbols>false</DCC_LocalDebugSymbols>
			<DCC_Define>RELEASE;$(DCC_Define)</DCC_Define>
			<DCC_SymbolReferenceInfo>0</DCC_SymbolReferenceInfo>
			<DCC_DebugInformation>false</DCC_DebugInformation>
		</PropertyGroup>
		<PropertyGroup Condition="'$(Cfg_2)'!=''">
			<DCC_Optimize>false</DCC_Optimize>
			<DCC_Define>DEBUG;$(DCC_Define)</DCC_Define>
			<DCC_GenerateStackFrames>true</DCC_GenerateStackFrames>
		</PropertyGroup>
		<ItemGroup>
			<DelphiCompile Include="SGC.dpk">
				<MainSource>MainSource</MainSource>
			</DelphiCompile>
			<DCCReference Include="BFBMP.res"/>
			<DCCReference Include="BPLBase.dcp"/>
			<DCCReference Include="Forms\uSGC_BANCOS.pas">
				<Form>fmSGC_BANCOS</Form>
			</DCCReference>
			<DCCReference Include="Forms\uSGC_CIDADES.pas">
				<Form>fmSGC_CIDADES</Form>
			</DCCReference>
			<DCCReference Include="Forms\uSGC_CONFIG_EMAIL.pas">
				<Form>fmSGC_CONFIG_EMAIL</Form>
			</DCCReference>
			<DCCReference Include="Forms\uSGC_EMPRESAS.pas">
				<Form>fmSGC_EMPRESAS</Form>
			</DCCReference>
			<DCCReference Include="Forms\uSGC_LOCAL_COBRANCA.pas">
				<Form>fmSGC_LOCAIS_COBRANCA</Form>
			</DCCReference>
			<DCCReference Include="Forms\uSGC_PAISES.pas">
				<Form>fmSGC_PAISES</Form>
			</DCCReference>
			<DCCReference Include="Forms\uSGC_UF.pas">
				<Form>fmSGC_UF</Form>
			</DCCReference>
			<DCCReference Include="Forms\uSGC_LOCAIS_ESTOQUE.pas">
				<Form>fmSGC_LOCAIS_ESTOQUE</Form>
			</DCCReference>
			<DCCReference Include="Forms\uSGC_SEGMENTO_CLIENTE.pas">
				<Form>fmSGC_SEGMENTO_CLIENTE</Form>
			</DCCReference>
			<DCCReference Include="Forms\uSGC_HIST_FINANCEIRO.pas">
				<Form>fmSGC_HIST_FINANCEIRO</Form>
			</DCCReference>
			<DCCReference Include="Forms\uSGC_HIST_ESTOQUE.pas">
				<Form>fmSGC_HIST_ESTOQUE</Form>
			</DCCReference>
			<DCCReference Include="Forms\uSGC_GRUPO_PRODUTOS.pas">
				<Form>fmSGC_GRUPO_PRODUTOS</Form>
			</DCCReference>
			<DCCReference Include="Forms\uSGC_REGIOES.pas">
				<Form>fmSGC_REGIOES</Form>
			</DCCReference>
			<DCCReference Include="Forms\uSGC_UNIDADES.pas">
				<Form>fmSGC_UNIDADES</Form>
			</DCCReference>
			<BuildConfiguration Include="Debug">
				<Key>Cfg_2</Key>
				<CfgParent>Base</CfgParent>
			</BuildConfiguration>
			<BuildConfiguration Include="Base">
				<Key>Base</Key>
			</BuildConfiguration>
			<BuildConfiguration Include="Release">
				<Key>Cfg_1</Key>
				<CfgParent>Base</CfgParent>
			</BuildConfiguration>
		</ItemGroup>
		<Import Condition="Exists('$(BDS)\Bin\CodeGear.Delphi.Targets')" Project="$(BDS)\Bin\CodeGear.Delphi.Targets"/>
		<Import Condition="Exists('$(APPDATA)\Embarcadero\$(BDSAPPDATABASEDIR)\8.0\UserTools.proj')" Project="$(APPDATA)\Embarcadero\$(BDSAPPDATABASEDIR)\8.0\UserTools.proj"/>
		<ProjectExtensions>
			<Borland.Personality>Delphi.Personality.12</Borland.Personality>
			<Borland.ProjectType>Package</Borland.ProjectType>
			<BorlandProject>
				<Delphi.Personality>
					<Source>
						<Source Name="MainSource">SGC.dpk</Source>
					</Source>
					<VersionInfo>
						<VersionInfo Name="IncludeVerInfo">True</VersionInfo>
						<VersionInfo Name="AutoIncBuild">False</VersionInfo>
						<VersionInfo Name="MajorVer">1</VersionInfo>
						<VersionInfo Name="MinorVer">0</VersionInfo>
						<VersionInfo Name="Release">0</VersionInfo>
						<VersionInfo Name="Build">0</VersionInfo>
						<VersionInfo Name="Debug">False</VersionInfo>
						<VersionInfo Name="PreRelease">False</VersionInfo>
						<VersionInfo Name="Special">False</VersionInfo>
						<VersionInfo Name="Private">False</VersionInfo>
						<VersionInfo Name="DLL">False</VersionInfo>
						<VersionInfo Name="Locale">1046</VersionInfo>
						<VersionInfo Name="CodePage">1252</VersionInfo>
					</VersionInfo>
					<VersionInfoKeys>
						<VersionInfoKeys Name="CompanyName"/>
						<VersionInfoKeys Name="FileDescription"/>
						<VersionInfoKeys Name="FileVersion">1.0.0.0</VersionInfoKeys>
						<VersionInfoKeys Name="InternalName"/>
						<VersionInfoKeys Name="LegalCopyright"/>
						<VersionInfoKeys Name="LegalTrademarks"/>
						<VersionInfoKeys Name="OriginalFilename"/>
						<VersionInfoKeys Name="ProductName"/>
						<VersionInfoKeys Name="ProductVersion">1.0.0.0</VersionInfoKeys>
						<VersionInfoKeys Name="Comments"/>
					</VersionInfoKeys>
					<Parameters>
						<Parameters Name="HostApplication">C:\Projetos\Bluefield\Bin\BlueField.exe</Parameters>
					</Parameters>
				</Delphi.Personality>
				<Platforms>
					<Platform value="Win32">True</Platform>
				</Platforms>
			</BorlandProject>
			<ProjectFileVersion>12</ProjectFileVersion>
		</ProjectExtensions>
	</Project>
